
Microsoft Visual Studio Solution File, Format Version 12.00
# Visual Studio Version 16
VisualStudioVersion = 16.0.31112.23
MinimumVisualStudioVersion = 10.0.40219.1
Project("{FAE04EC0-301F-11D3-BF4B-00C04F79EFBC}") = "MarsRoverAlgorithm", "MarsRoverAlgorithm.csproj", "{E0F58747-A304-4E0E-B663-ABD16122EE01}"
EndProject
Project("{FAE04EC0-301F-11D3-BF4B-00C04F79EFBC}") = "MarsRoverAlgorithmTests", "..\MarsRoverAlgorithmTests\MarsRoverAlgorithmTests.csproj", "{F88D8E36-DA02-41B5-88B2-E6C010844E98}"
EndProject
Global
	GlobalSection(SolutionConfigurationPlatforms) = preSolution
		Debug|Any CPU = Debug|Any CPU
		Release|Any CPU = Release|Any CPU
	EndGlobalSection
	GlobalSection(ProjectConfigurationPlatforms) = postSolution
		{E0F58747-A304-4E0E-B663-ABD16122EE01}.Debug|Any CPU.ActiveCfg = Debug|Any CPU
		{E0F58747-A304-4E0E-B663-ABD16122EE01}.Debug|Any CPU.Build.0 = Debug|Any CPU
		{E0F58747-A304-4E0E-B663-ABD16122EE01}.Release|Any CPU.ActiveCfg = Release|Any CPU
		{E0F58747-A304-4E0E-B663-ABD16122EE01}.Release|Any CPU.Build.0 = Release|Any CPU
		{F88D8E36-DA02-41B5-88B2-E6C010844E98}.Debug|Any CPU.ActiveCfg = Debug|Any CPU
		{F88D8E36-DA02-41B5-88B2-E6C010844E98}.Debug|Any CPU.Build.0 = Debug|Any CPU
		{F88D8E36-DA02-41B5-88B2-E6C010844E98}.Release|Any CPU.ActiveCfg = Release|Any CPU
		{F88D8E36-DA02-41B5-88B2-E6C010844E98}.Release|Any CPU.Build.0 = Release|Any CPU
	EndGlobalSection
	GlobalSection(SolutionProperties) = preSolution
		HideSolutionNode = FALSE
	EndGlobalSection
	GlobalSection(ExtensibilityGlobals) = postSolution
		SolutionGuid = {B710C3BF-741F-4230-BA8E-700DA8E37A8A}
	EndGlobalSection
EndGlobal
